{
  "name": "@rajesh.shedolkar/my-greeter",
  "version": "1.0.0",
  "lockfileVersion": 3,
  "requires": true,
  "packages": {
    "": {
      "name": "@rajesh.shedolkar/my-greeter",
      "version": "1.0.0",
      "license": "ISC",
      "type": "module",
      "dependencies": {
        "@rajesh.shedolkar/my-greeter": "^1.0.0"
      }
    },
    "node_modules/@rajesh.shedolkar/my-greeter": {
      "version": "1.0.0",
      "resolved": "https://registry.npmjs.org/@rajesh.shedolkar/my-greeter/-/my-greeter-1.0.0.tgz",
      "integrity": "sha512-YzWj0tknWGlVu8+yaoX6QCb6qxSzJ1SxN+aLj4skI76PW4OrOWAC1f91o2Vha/WUHWaarcaBjXJluWbAbutZjQ==",
      "license": "ISC"
    }
  }
}
